// !$*UTF8*$!
{
	archiveVersion = 1;
	classes = {
	};
	objectVersion = 56;
	objects = {

/* Begin PBXBuildFile section */
		BC6110212C22CB23009EA24F /* AppDelegate.swift in Sources */ = {isa = PBXBuildFile; fileRef = BC6110202C22CB23009EA24F /* AppDelegate.swift */; };
		BC6110232C22CB23009EA24F /* SceneDelegate.swift in Sources */ = {isa = PBXBuildFile; fileRef = BC6110222C22CB23009EA24F /* SceneDelegate.swift */; };
		BC61102A2C22CB25009EA24F /* Assets.xcassets in Resources */ = {isa = PBXBuildFile; fileRef = BC6110292C22CB25009EA24F /* Assets.xcassets */; };
		BC61102D2C22CB25009EA24F /* Base in Resources */ = {isa = PBXBuildFile; fileRef = BC61102C2C22CB25009EA24F /* Base */; };
		BC6110362C22CBDD009EA24F /* SnapKit in Frameworks */ = {isa = PBXBuildFile; productRef = BC6110352C22CBDD009EA24F /* SnapKit */; };
		BC6110392C22CBE5009EA24F /* Then in Frameworks */ = {isa = PBXBuildFile; productRef = BC6110382C22CBE5009EA24F /* Then */; };
		BC61103C2C22CBF3009EA24F /* Alamofire in Frameworks */ = {isa = PBXBuildFile; productRef = BC61103B2C22CBF3009EA24F /* Alamofire */; };
		BC6110482C22D428009EA24F /* NowWeatherViewController.swift in Sources */ = {isa = PBXBuildFile; fileRef = BC6110472C22D428009EA24F /* NowWeatherViewController.swift */; };
		BC61104A2C22D452009EA24F /* OpenWeatherModel.swift in Sources */ = {isa = PBXBuildFile; fileRef = BC6110492C22D452009EA24F /* OpenWeatherModel.swift */; };
		BC9F6D632C22FCA200D11B98 /* APIClient.swift in Sources */ = {isa = PBXBuildFile; fileRef = BC9F6D602C22FCA200D11B98 /* APIClient.swift */; };
		BC9F6D642C22FCA200D11B98 /* APIKey.swift in Sources */ = {isa = PBXBuildFile; fileRef = BC9F6D612C22FCA200D11B98 /* APIKey.swift */; };
		BC9F6D652C22FCA200D11B98 /* APIRouter.swift in Sources */ = {isa = PBXBuildFile; fileRef = BC9F6D622C22FCA200D11B98 /* APIRouter.swift */; };
		BC9F6D672C2306FE00D11B98 /* ChatRoomTableViewController.swift in Sources */ = {isa = PBXBuildFile; fileRef = BC9F6D662C2306FE00D11B98 /* ChatRoomTableViewController.swift */; };
		BC9F6D692C23077400D11B98 /* WeatherTableViewCell.swift in Sources */ = {isa = PBXBuildFile; fileRef = BC9F6D682C23077400D11B98 /* WeatherTableViewCell.swift */; };
		BC9F6D6C2C230CA800D11B98 /* ReusableIdentifier.swift in Sources */ = {isa = PBXBuildFile; fileRef = BC9F6D6B2C230CA800D11B98 /* ReusableIdentifier.swift */; };
		BC9F6D6E2C23101900D11B98 /* OpenWeatherResponse.swift in Sources */ = {isa = PBXBuildFile; fileRef = BC9F6D6D2C23101900D11B98 /* OpenWeatherResponse.swift */; };
/* End PBXBuildFile section */

/* Begin PBXFileReference section */
		BC61101D2C22CB23009EA24F /* HereWeather.app */ = {isa = PBXFileReference; explicitFileType = wrapper.application; includeInIndex = 0; path = HereWeather.app; sourceTree = BUILT_PRODUCTS_DIR; };
		BC6110202C22CB23009EA24F /* AppDelegate.swift */ = {isa = PBXFileReference; lastKnownFileType = sourcecode.swift; path = AppDelegate.swift; sourceTree = "<group>"; };
		BC6110222C22CB23009EA24F /* SceneDelegate.swift */ = {isa = PBXFileReference; lastKnownFileType = sourcecode.swift; path = SceneDelegate.swift; sourceTree = "<group>"; };
		BC6110292C22CB25009EA24F /* Assets.xcassets */ = {isa = PBXFileReference; lastKnownFileType = folder.assetcatalog; path = Assets.xcassets; sourceTree = "<group>"; };
		BC61102C2C22CB25009EA24F /* Base */ = {isa = PBXFileReference; lastKnownFileType = file.storyboard; name = Base; path = Base.lproj/LaunchScreen.storyboard; sourceTree = "<group>"; };
		BC61102E2C22CB25009EA24F /* Info.plist */ = {isa = PBXFileReference; lastKnownFileType = text.plist.xml; path = Info.plist; sourceTree = "<group>"; };
		BC6110472C22D428009EA24F /* NowWeatherViewController.swift */ = {isa = PBXFileReference; lastKnownFileType = sourcecode.swift; path = NowWeatherViewController.swift; sourceTree = "<group>"; };
		BC6110492C22D452009EA24F /* OpenWeatherModel.swift */ = {isa = PBXFileReference; lastKnownFileType = sourcecode.swift; path = OpenWeatherModel.swift; sourceTree = "<group>"; };
		BC9F6D602C22FCA200D11B98 /* APIClient.swift */ = {isa = PBXFileReference; fileEncoding = 4; lastKnownFileType = sourcecode.swift; path = APIClient.swift; sourceTree = "<group>"; };
		BC9F6D612C22FCA200D11B98 /* APIKey.swift */ = {isa = PBXFileReference; fileEncoding = 4; lastKnownFileType = sourcecode.swift; path = APIKey.swift; sourceTree = "<group>"; };
		BC9F6D622C22FCA200D11B98 /* APIRouter.swift */ = {isa = PBXFileReference; fileEncoding = 4; lastKnownFileType = sourcecode.swift; path = APIRouter.swift; sourceTree = "<group>"; };
		BC9F6D662C2306FE00D11B98 /* ChatRoomTableViewController.swift */ = {isa = PBXFileReference; lastKnownFileType = sourcecode.swift; path = ChatRoomTableViewController.swift; sourceTree = "<group>"; };
		BC9F6D682C23077400D11B98 /* WeatherTableViewCell.swift */ = {isa = PBXFileReference; lastKnownFileType = sourcecode.swift; path = WeatherTableViewCell.swift; sourceTree = "<group>"; };
		BC9F6D6B2C230CA800D11B98 /* ReusableIdentifier.swift */ = {isa = PBXFileReference; lastKnownFileType = sourcecode.swift; path = ReusableIdentifier.swift; sourceTree = "<group>"; };
		BC9F6D6D2C23101900D11B98 /* OpenWeatherResponse.swift */ = {isa = PBXFileReference; lastKnownFileType = sourcecode.swift; path = OpenWeatherResponse.swift; sourceTree = "<group>"; };
/* End PBXFileReference section */

/* Begin PBXFrameworksBuildPhase section */
		BC61101A2C22CB23009EA24F /* Frameworks */ = {
			isa = PBXFrameworksBuildPhase;
			buildActionMask = 2147483647;
			files = (
				BC61103C2C22CBF3009EA24F /* Alamofire in Frameworks */,
				BC6110362C22CBDD009EA24F /* SnapKit in Frameworks */,
				BC6110392C22CBE5009EA24F /* Then in Frameworks */,
			);
			runOnlyForDeploymentPostprocessing = 0;
		};
/* End PBXFrameworksBuildPhase section */

/* Begin PBXGroup section */
		BC6110142C22CB23009EA24F = {
			isa = PBXGroup;
			children = (
				BC61101F2C22CB23009EA24F /* HereWeather */,
				BC61101E2C22CB23009EA24F /* Products */,
			);
			sourceTree = "<group>";
		};
		BC61101E2C22CB23009EA24F /* Products */ = {
			isa = PBXGroup;
			children = (
				BC61101D2C22CB23009EA24F /* HereWeather.app */,
			);
			name = Products;
			sourceTree = "<group>";
		};
		BC61101F2C22CB23009EA24F /* HereWeather */ = {
			isa = PBXGroup;
			children = (
				BC9F6D6A2C230C9600D11B98 /* protocol */,
				BC6110402C22D04C009EA24F /* API */,
				BC61103F2C22D041009EA24F /* Controller */,
				BC61103E2C22D03B009EA24F /* View */,
				BC61103D2C22D031009EA24F /* Model */,
				BC6110202C22CB23009EA24F /* AppDelegate.swift */,
				BC6110222C22CB23009EA24F /* SceneDelegate.swift */,
				BC6110292C22CB25009EA24F /* Assets.xcassets */,
				BC61102B2C22CB25009EA24F /* LaunchScreen.storyboard */,
				BC61102E2C22CB25009EA24F /* Info.plist */,
			);
			path = HereWeather;
			sourceTree = "<group>";
		};
		BC61103D2C22D031009EA24F /* Model */ = {
			isa = PBXGroup;
			children = (
				BC6110492C22D452009EA24F /* OpenWeatherModel.swift */,
				BC9F6D6D2C23101900D11B98 /* OpenWeatherResponse.swift */,
			);
			path = Model;
			sourceTree = "<group>";
		};
		BC61103E2C22D03B009EA24F /* View */ = {
			isa = PBXGroup;
			children = (
				BC9F6D662C2306FE00D11B98 /* ChatRoomTableViewController.swift */,
				BC9F6D682C23077400D11B98 /* WeatherTableViewCell.swift */,
			);
			path = View;
			sourceTree = "<group>";
		};
		BC61103F2C22D041009EA24F /* Controller */ = {
			isa = PBXGroup;
			children = (
				BC6110472C22D428009EA24F /* NowWeatherViewController.swift */,
			);
			path = Controller;
			sourceTree = "<group>";
		};
		BC6110402C22D04C009EA24F /* API */ = {
			isa = PBXGroup;
			children = (
				BC9F6D602C22FCA200D11B98 /* APIClient.swift */,
				BC9F6D612C22FCA200D11B98 /* APIKey.swift */,
				BC9F6D622C22FCA200D11B98 /* APIRouter.swift */,
			);
			path = API;
			sourceTree = "<group>";
		};
		BC9F6D6A2C230C9600D11B98 /* protocol */ = {
			isa = PBXGroup;
			children = (
				BC9F6D6B2C230CA800D11B98 /* ReusableIdentifier.swift */,
			);
			path = protocol;
			sourceTree = "<group>";
		};
/* End PBXGroup section */

/* Begin PBXNativeTarget section */
		BC61101C2C22CB23009EA24F /* HereWeather */ = {
			isa = PBXNativeTarget;
			buildConfigurationList = BC6110312C22CB25009EA24F /* Build configuration list for PBXNativeTarget "HereWeather" */;
			buildPhases = (
				BC6110192C22CB23009EA24F /* Sources */,
				BC61101A2C22CB23009EA24F /* Frameworks */,
				BC61101B2C22CB23009EA24F /* Resources */,
			);
			buildRules = (
			);
			dependencies = (
			);
			name = HereWeather;
			packageProductDependencies = (
				BC6110352C22CBDD009EA24F /* SnapKit */,
				BC6110382C22CBE5009EA24F /* Then */,
				BC61103B2C22CBF3009EA24F /* Alamofire */,
			);
			productName = HereWeather;
			productReference = BC61101D2C22CB23009EA24F /* HereWeather.app */;
			productType = "com.apple.product-type.application";
		};
/* End PBXNativeTarget section */

/* Begin PBXProject section */
		BC6110152C22CB23009EA24F /* Project object */ = {
			isa = PBXProject;
			attributes = {
				BuildIndependentTargetsInParallel = 1;
				LastSwiftUpdateCheck = 1540;
				LastUpgradeCheck = 1540;
				TargetAttributes = {
					BC61101C2C22CB23009EA24F = {
						CreatedOnToolsVersion = 15.4;
					};
				};
			};
			buildConfigurationList = BC6110182C22CB23009EA24F /* Build configuration list for PBXProject "HereWeather" */;
			compatibilityVersion = "Xcode 14.0";
			developmentRegion = en;
			hasScannedForEncodings = 0;
			knownRegions = (
				en,
				Base,
			);
			mainGroup = BC6110142C22CB23009EA24F;
			packageReferences = (
				BC6110342C22CBDD009EA24F /* XCRemoteSwiftPackageReference "SnapKit" */,
				BC6110372C22CBE5009EA24F /* XCRemoteSwiftPackageReference "Then" */,
				BC61103A2C22CBF3009EA24F /* XCRemoteSwiftPackageReference "Alamofire" */,
			);
			productRefGroup = BC61101E2C22CB23009EA24F /* Products */;
			projectDirPath = "";
			projectRoot = "";
			targets = (
				BC61101C2C22CB23009EA24F /* HereWeather */,
			);
		};
/* End PBXProject section */

/* Begin PBXResourcesBuildPhase section */
		BC61101B2C22CB23009EA24F /* Resources */ = {
			isa = PBXResourcesBuildPhase;
			buildActionMask = 2147483647;
			files = (
				BC61102A2C22CB25009EA24F /* Assets.xcassets in Resources */,
				BC61102D2C22CB25009EA24F /* Base in Resources */,
			);
			runOnlyForDeploymentPostprocessing = 0;
		};
/* End PBXResourcesBuildPhase section */

/* Begin PBXSourcesBuildPhase section */
		BC6110192C22CB23009EA24F /* Sources */ = {
			isa = PBXSourcesBuildPhase;
			buildActionMask = 2147483647;
			files = (
				BC9F6D672C2306FE00D11B98 /* ChatRoomTableViewController.swift in Sources */,
				BC9F6D652C22FCA200D11B98 /* APIRouter.swift in Sources */,
				BC6110212C22CB23009EA24F /* AppDelegate.swift in Sources */,
				BC61104A2C22D452009EA24F /* OpenWeatherModel.swift in Sources */,
				BC6110482C22D428009EA24F /* NowWeatherViewController.swift in Sources */,
				BC9F6D632C22FCA200D11B98 /* APIClient.swift in Sources */,
				BC9F6D692C23077400D11B98 /* WeatherTableViewCell.swift in Sources */,
				BC9F6D642C22FCA200D11B98 /* APIKey.swift in Sources */,
				BC6110232C22CB23009EA24F /* SceneDelegate.swift in Sources */,
				BC9F6D6E2C23101900D11B98 /* OpenWeatherResponse.swift in Sources */,
				BC9F6D6C2C230CA800D11B98 /* ReusableIdentifier.swift in Sources */,
			);
			runOnlyForDeploymentPostprocessing = 0;
		};
/* End PBXSourcesBuildPhase section */

/* Begin PBXVariantGroup section */
		BC61102B2C22CB25009EA24F /* LaunchScreen.storyboard */ = {
			isa = PBXVariantGroup;
			children = (
				BC61102C2C22CB25009EA24F /* Base */,
			);
			name = LaunchScreen.storyboard;
			sourceTree = "<group>";
		};
/* End PBXVariantGroup section */

/* Begin XCBuildConfiguration section */
		BC61102F2C22CB25009EA24F /* Debug */ = {
			isa = XCBuildConfiguration;
			buildSettings = {
				ALWAYS_SEARCH_USER_PATHS = NO;
				ASSETCATALOG_COMPILER_GENERATE_SWIFT_ASSET_SYMBOL_EXTENSIONS = YES;
				CLANG_ANALYZER_NONNULL = YES;
				CLANG_ANALYZER_NUMBER_OBJECT_CONVERSION = YES_AGGRESSIVE;
				CLANG_CXX_LANGUAGE_STANDARD = "gnu++20";
				CLANG_ENABLE_MODULES = YES;
				CLANG_ENABLE_OBJC_ARC = YES;
				CLANG_ENABLE_OBJC_WEAK = YES;
				CLANG_WARN_BLOCK_CAPTURE_AUTORELEASING = YES;
				CLANG_WARN_BOOL_CONVERSION = YES;
				CLANG_WARN_COMMA = YES;
				CLANG_WARN_CONSTANT_CONVERSION = YES;
				CLANG_WARN_DEPRECATED_OBJC_IMPLEMENTATIONS = YES;
				CLANG_WARN_DIRECT_OBJC_ISA_USAGE = YES_ERROR;
				CLANG_WARN_DOCUMENTATION_COMMENTS = YES;
				CLANG_WARN_EMPTY_BODY = YES;
				CLANG_WARN_ENUM_CONVERSION = YES;
				CLANG_WARN_INFINITE_RECURSION = YES;
				CLANG_WARN_INT_CONVERSION = YES;
				CLANG_WARN_NON_LITERAL_NULL_CONVERSION = YES;
				CLANG_WARN_OBJC_IMPLICIT_RETAIN_SELF = YES;
				CLANG_WARN_OBJC_LITERAL_CONVERSION = YES;
				CLANG_WARN_OBJC_ROOT_CLASS = YES_ERROR;
				CLANG_WARN_QUOTED_INCLUDE_IN_FRAMEWORK_HEADER = YES;
				CLANG_WARN_RANGE_LOOP_ANALYSIS = YES;
				CLANG_WARN_STRICT_PROTOTYPES = YES;
				CLANG_WARN_SUSPICIOUS_MOVE = YES;
				CLANG_WARN_UNGUARDED_AVAILABILITY = YES_AGGRESSIVE;
				CLANG_WARN_UNREACHABLE_CODE = YES;
				CLANG_WARN__DUPLICATE_METHOD_MATCH = YES;
				COPY_PHASE_STRIP = NO;
				DEBUG_INFORMATION_FORMAT = dwarf;
				ENABLE_STRICT_OBJC_MSGSEND = YES;
				ENABLE_TESTABILITY = YES;
				ENABLE_USER_SCRIPT_SANDBOXING = YES;
				GCC_C_LANGUAGE_STANDARD = gnu17;
				GCC_DYNAMIC_NO_PIC = NO;
				GCC_NO_COMMON_BLOCKS = YES;
				GCC_OPTIMIZATION_LEVEL = 0;
				GCC_PREPROCESSOR_DEFINITIONS = (
					"DEBUG=1",
					"$(inherited)",
				);
				GCC_WARN_64_TO_32_BIT_CONVERSION = YES;
				GCC_WARN_ABOUT_RETURN_TYPE = YES_ERROR;
				GCC_WARN_UNDECLARED_SELECTOR = YES;
				GCC_WARN_UNINITIALIZED_AUTOS = YES_AGGRESSIVE;
				GCC_WARN_UNUSED_FUNCTION = YES;
				GCC_WARN_UNUSED_VARIABLE = YES;
				IPHONEOS_DEPLOYMENT_TARGET = 17.5;
				LOCALIZATION_PREFERS_STRING_CATALOGS = YES;
				MTL_ENABLE_DEBUG_INFO = INCLUDE_SOURCE;
				MTL_FAST_MATH = YES;
				ONLY_ACTIVE_ARCH = YES;
				SDKROOT = iphoneos;
				SWIFT_ACTIVE_COMPILATION_CONDITIONS = "DEBUG $(inherited)";
				SWIFT_OPTIMIZATION_LEVEL = "-Onone";
			};
			name = Debug;
		};
		BC6110302C22CB25009EA24F /* Release */ = {
			isa = XCBuildConfiguration;
			buildSettings = {
				ALWAYS_SEARCH_USER_PATHS = NO;
				ASSETCATALOG_COMPILER_GENERATE_SWIFT_ASSET_SYMBOL_EXTENSIONS = YES;
				CLANG_ANALYZER_NONNULL = YES;
				CLANG_ANALYZER_NUMBER_OBJECT_CONVERSION = YES_AGGRESSIVE;
				CLANG_CXX_LANGUAGE_STANDARD = "gnu++20";
				CLANG_ENABLE_MODULES = YES;
				CLANG_ENABLE_OBJC_ARC = YES;
				CLANG_ENABLE_OBJC_WEAK = YES;
				CLANG_WARN_BLOCK_CAPTURE_AUTORELEASING = YES;
				CLANG_WARN_BOOL_CONVERSION = YES;
				CLANG_WARN_COMMA = YES;
				CLANG_WARN_CONSTANT_CONVERSION = YES;
				CLANG_WARN_DEPRECATED_OBJC_IMPLEMENTATIONS = YES;
				CLANG_WARN_DIRECT_OBJC_ISA_USAGE = YES_ERROR;
				CLANG_WARN_DOCUMENTATION_COMMENTS = YES;
				CLANG_WARN_EMPTY_BODY = YES;
				CLANG_WARN_ENUM_CONVERSION = YES;
				CLANG_WARN_INFINITE_RECURSION = YES;
				CLANG_WARN_INT_CONVERSION = YES;
				CLANG_WARN_NON_LITERAL_NULL_CONVERSION = YES;
				CLANG_WARN_OBJC_IMPLICIT_RETAIN_SELF = YES;
				CLANG_WARN_OBJC_LITERAL_CONVERSION = YES;
				CLANG_WARN_OBJC_ROOT_CLASS = YES_ERROR;
				CLANG_WARN_QUOTED_INCLUDE_IN_FRAMEWORK_HEADER = YES;
				CLANG_WARN_RANGE_LOOP_ANALYSIS = YES;
				CLANG_WARN_STRICT_PROTOTYPES = YES;
				CLANG_WARN_SUSPICIOUS_MOVE = YES;
				CLANG_WARN_UNGUARDED_AVAILABILITY = YES_AGGRESSIVE;
				CLANG_WARN_UNREACHABLE_CODE = YES;
				CLANG_WARN__DUPLICATE_METHOD_MATCH = YES;
				COPY_PHASE_STRIP = NO;
				DEBUG_INFORMATION_FORMAT = "dwarf-with-dsym";
				ENABLE_NS_ASSERTIONS = NO;
				ENABLE_STRICT_OBJC_MSGSEND = YES;
				ENABLE_USER_SCRIPT_SANDBOXING = YES;
				GCC_C_LANGUAGE_STANDARD = gnu17;
				GCC_NO_COMMON_BLOCKS = YES;
				GCC_WARN_64_TO_32_BIT_CONVERSION = YES;
				GCC_WARN_ABOUT_RETURN_TYPE = YES_ERROR;
				GCC_WARN_UNDECLARED_SELECTOR = YES;
				GCC_WARN_UNINITIALIZED_AUTOS = YES_AGGRESSIVE;
				GCC_WARN_UNUSED_FUNCTION = YES;
				GCC_WARN_UNUSED_VARIABLE = YES;
				IPHONEOS_DEPLOYMENT_TARGET = 17.5;
				LOCALIZATION_PREFERS_STRING_CATALOGS = YES;
				MTL_ENABLE_DEBUG_INFO = NO;
				MTL_FAST_MATH = YES;
				SDKROOT = iphoneos;
				SWIFT_COMPILATION_MODE = wholemodule;
				VALIDATE_PRODUCT = YES;
			};
			name = Release;
		};
		BC6110322C22CB25009EA24F /* Debug */ = {
			isa = XCBuildConfiguration;
			buildSettings = {
				ASSETCATALOG_COMPILER_APPICON_NAME = AppIcon;
				ASSETCATALOG_COMPILER_GLOBAL_ACCENT_COLOR_NAME = AccentColor;
				CODE_SIGN_STYLE = Manual;
				CURRENT_PROJECT_VERSION = 1;
				DEVELOPMENT_TEAM = "";
				GENERATE_INFOPLIST_FILE = YES;
				INFOPLIST_FILE = HereWeather/Info.plist;
				INFOPLIST_KEY_UIApplicationSupportsIndirectInputEvents = YES;
				INFOPLIST_KEY_UILaunchStoryboardName = LaunchScreen;
				INFOPLIST_KEY_UISupportedInterfaceOrientations = UIInterfaceOrientationPortrait;
				INFOPLIST_KEY_UISupportedInterfaceOrientations_iPad = UIInterfaceOrientationPortrait;
				IPHONEOS_DEPLOYMENT_TARGET = 15.0;
				LD_RUNPATH_SEARCH_PATHS = (
					"$(inherited)",
					"@executable_path/Frameworks",
				);
				MARKETING_VERSION = 1.0;
				PRODUCT_BUNDLE_IDENTIFIER = tunastorm.HereWeather;
				PRODUCT_NAME = "$(TARGET_NAME)";
				PROVISIONING_PROFILE_SPECIFIER = "";
				SUPPORTED_PLATFORMS = "iphoneos iphonesimulator";
				SUPPORTS_MACCATALYST = NO;
				SUPPORTS_MAC_DESIGNED_FOR_IPHONE_IPAD = NO;
				SUPPORTS_XR_DESIGNED_FOR_IPHONE_IPAD = NO;
				SWIFT_EMIT_LOC_STRINGS = YES;
				SWIFT_VERSION = 5.0;
				TARGETED_DEVICE_FAMILY = 1;
			};
			name = Debug;
		};
		BC6110332C22CB25009EA24F /* Release */ = {
			isa = XCBuildConfiguration;
			buildSettings = {
				ASSETCATALOG_COMPILER_APPICON_NAME = AppIcon;
				ASSETCATALOG_COMPILER_GLOBAL_ACCENT_COLOR_NAME = AccentColor;
				CODE_SIGN_IDENTITY = "Apple Development";
				CODE_SIGN_STYLE = Manual;
				CURRENT_PROJECT_VERSION = 1;
				DEVELOPMENT_TEAM = "";
				GENERATE_INFOPLIST_FILE = YES;
				INFOPLIST_FILE = HereWeather/Info.plist;
				INFOPLIST_KEY_UIApplicationSupportsIndirectInputEvents = YES;
				INFOPLIST_KEY_UILaunchStoryboardName = LaunchScreen;
				INFOPLIST_KEY_UISupportedInterfaceOrientations = UIInterfaceOrientationPortrait;
				INFOPLIST_KEY_UISupportedInterfaceOrientations_iPad = UIInterfaceOrientationPortrait;
				IPHONEOS_DEPLOYMENT_TARGET = 15.0;
				LD_RUNPATH_SEARCH_PATHS = (
					"$(inherited)",
					"@executable_path/Frameworks",
				);
				MARKETING_VERSION = 1.0;
				PRODUCT_BUNDLE_IDENTIFIER = tunastorm.HereWeather;
				PRODUCT_NAME = "$(TARGET_NAME)";
				PROVISIONING_PROFILE_SPECIFIER = "";
				SUPPORTED_PLATFORMS = "iphoneos iphonesimulator";
				SUPPORTS_MACCATALYST = NO;
				SUPPORTS_MAC_DESIGNED_FOR_IPHONE_IPAD = NO;
				SUPPORTS_XR_DESIGNED_FOR_IPHONE_IPAD = NO;
				SWIFT_EMIT_LOC_STRINGS = YES;
				SWIFT_VERSION = 5.0;
				TARGETED_DEVICE_FAMILY = 1;
			};
			name = Release;
		};
/* End XCBuildConfiguration section */

/* Begin XCConfigurationList section */
		BC6110182C22CB23009EA24F /* Build configuration list for PBXProject "HereWeather" */ = {
			isa = XCConfigurationList;
			buildConfigurations = (
				BC61102F2C22CB25009EA24F /* Debug */,
				BC6110302C22CB25009EA24F /* Release */,
			);
			defaultConfigurationIsVisible = 0;
			defaultConfigurationName = Release;
		};
		BC6110312C22CB25009EA24F /* Build configuration list for PBXNativeTarget "HereWeather" */ = {
			isa = XCConfigurationList;
			buildConfigurations = (
				BC6110322C22CB25009EA24F /* Debug */,
				BC6110332C22CB25009EA24F /* Release */,
			);
			defaultConfigurationIsVisible = 0;
			defaultConfigurationName = Release;
		};
/* End XCConfigurationList section */

/* Begin XCRemoteSwiftPackageReference section */
		BC6110342C22CBDD009EA24F /* XCRemoteSwiftPackageReference "SnapKit" */ = {
			isa = XCRemoteSwiftPackageReference;
			repositoryURL = "https://github.com/SnapKit/SnapKit.git";
			requirement = {
				kind = upToNextMajorVersion;
				minimumVersion = 5.7.1;
			};
		};
		BC6110372C22CBE5009EA24F /* XCRemoteSwiftPackageReference "Then" */ = {
			isa = XCRemoteSwiftPackageReference;
			repositoryURL = "https://github.com/devxoul/Then.git";
			requirement = {
				kind = upToNextMajorVersion;
				minimumVersion = 3.0.0;
			};
		};
		BC61103A2C22CBF3009EA24F /* XCRemoteSwiftPackageReference "Alamofire" */ = {
			isa = XCRemoteSwiftPackageReference;
			repositoryURL = "https://github.com/Alamofire/Alamofire.git";
			requirement = {
				kind = upToNextMajorVersion;
				minimumVersion = 5.9.1;
			};
		};
/* End XCRemoteSwiftPackageReference section */

/* Begin XCSwiftPackageProductDependency section */
		BC6110352C22CBDD009EA24F /* SnapKit */ = {
			isa = XCSwiftPackageProductDependency;
			package = BC6110342C22CBDD009EA24F /* XCRemoteSwiftPackageReference "SnapKit" */;
			productName = SnapKit;
		};
		BC6110382C22CBE5009EA24F /* Then */ = {
			isa = XCSwiftPackageProductDependency;
			package = BC6110372C22CBE5009EA24F /* XCRemoteSwiftPackageReference "Then" */;
			productName = Then;
		};
		BC61103B2C22CBF3009EA24F /* Alamofire */ = {
			isa = XCSwiftPackageProductDependency;
			package = BC61103A2C22CBF3009EA24F /* XCRemoteSwiftPackageReference "Alamofire" */;
			productName = Alamofire;
		};
/* End XCSwiftPackageProductDependency section */
	};
	rootObject = BC6110152C22CB23009EA24F /* Project object */;
}
